
Microsoft Visual Studio Solution File, Format Version 12.00
# Visual Studio Version 17
VisualStudioVersion = 17.3.32922.545
MinimumVisualStudioVersion = 10.0.40219.1
Project("{FAE04EC0-301F-11D3-BF4B-00C04F79EFBC}") = "BiletSatis", "BiletSatis.csproj", "{EA87A592-29D7-45E4-A507-4F97A40C6B9E}"
EndProject
Global
	GlobalSection(SolutionConfigurationPlatforms) = preSolution
		Debug|Any CPU = Debug|Any CPU
		Release|Any CPU = Release|Any CPU
	EndGlobalSection
	GlobalSection(ProjectConfigurationPlatforms) = postSolution
		{EA87A592-29D7-45E4-A507-4F97A40C6B9E}.Debug|Any CPU.ActiveCfg = Debug|Any CPU
		{EA87A592-29D7-45E4-A507-4F97A40C6B9E}.Debug|Any CPU.Build.0 = Debug|Any CPU
		{EA87A592-29D7-45E4-A507-4F97A40C6B9E}.Release|Any CPU.ActiveCfg = Release|Any CPU
		{EA87A592-29D7-45E4-A507-4F97A40C6B9E}.Release|Any CPU.Build.0 = Release|Any CPU
	EndGlobalSection
	GlobalSection(SolutionProperties) = preSolution
		HideSolutionNode = FALSE
	EndGlobalSection
	GlobalSection(ExtensibilityGlobals) = postSolution
		SolutionGuid = {5442FB61-7814-4834-978B-F039B5C8F66F}
	EndGlobalSection
EndGlobal
